// !$*UTF8*$!
{
	archiveVersion = 1;
	classes = {
	};
	objectVersion = 46;
	objects = {

/* Begin PBXBuildFile section */
		3B56966F1C82A74700A8335D /* GGCustomCollectionViewCell.m in Sources */ = {isa = PBXBuildFile; fileRef = 3B56966E1C82A74700A8335D /* GGCustomCollectionViewCell.m */; };
		3B5696741C847F8C00A8335D /* AssetsLibrary.framework in Frameworks */ = {isa = PBXBuildFile; fileRef = 3B5696731C847F8C00A8335D /* AssetsLibrary.framework */; };
		3B5696771C84897800A8335D /* GGGetPhotosDataViewController.m in Sources */ = {isa = PBXBuildFile; fileRef = 3B5696761C84897800A8335D /* GGGetPhotosDataViewController.m */; };
		3B8144581AF3F0A6000D8802 /* main.m in Sources */ = {isa = PBXBuildFile; fileRef = 3B8144571AF3F0A6000D8802 /* main.m */; };
		3B81445B1AF3F0A6000D8802 /* AppDelegate.m in Sources */ = {isa = PBXBuildFile; fileRef = 3B81445A1AF3F0A6000D8802 /* AppDelegate.m */; };
		3B81445E1AF3F0A6000D8802 /* ViewController.m in Sources */ = {isa = PBXBuildFile; fileRef = 3B81445D1AF3F0A6000D8802 /* ViewController.m */; };
		3B8144611AF3F0A6000D8802 /* Main.storyboard in Resources */ = {isa = PBXBuildFile; fileRef = 3B81445F1AF3F0A6000D8802 /* Main.storyboard */; };
		3B8144631AF3F0A6000D8802 /* Images.xcassets in Resources */ = {isa = PBXBuildFile; fileRef = 3B8144621AF3F0A6000D8802 /* Images.xcassets */; };
		3B8144661AF3F0A6000D8802 /* LaunchScreen.xib in Resources */ = {isa = PBXBuildFile; fileRef = 3B8144641AF3F0A6000D8802 /* LaunchScreen.xib */; };
		3B8144721AF3F0A6000D8802 /* GGCustomCollectionViewTests.m in Sources */ = {isa = PBXBuildFile; fileRef = 3B8144711AF3F0A6000D8802 /* GGCustomCollectionViewTests.m */; };
		3B8144811AF3F251000D8802 /* GGCustomCollectionViewController.m in Sources */ = {isa = PBXBuildFile; fileRef = 3B8144801AF3F251000D8802 /* GGCustomCollectionViewController.m */; };
		4AE1FBCB02000E32CE81A6D4 /* libPods.a in Frameworks */ = {isa = PBXBuildFile; fileRef = 3D191D9ADBF65CA4D86094D3 /* libPods.a */; };
/* End PBXBuildFile section */

/* Begin PBXContainerItemProxy section */
		3B81446C1AF3F0A6000D8802 /* PBXContainerItemProxy */ = {
			isa = PBXContainerItemProxy;
			containerPortal = 3B81444A1AF3F0A6000D8802 /* Project object */;
			proxyType = 1;
			remoteGlobalIDString = 3B8144511AF3F0A6000D8802;
			remoteInfo = GGCustomCollectionView;
		};
/* End PBXContainerItemProxy section */

/* Begin PBXFileReference section */
		176BE8B0AB2166E95B014E79 /* Pods.release.xcconfig */ = {isa = PBXFileReference; includeInIndex = 1; lastKnownFileType = text.xcconfig; name = Pods.release.xcconfig; path = "Pods/Target Support Files/Pods/Pods.release.xcconfig"; sourceTree = "<group>"; };
		3B56966C1C82A26E00A8335D /* PrefixHeader.pch */ = {isa = PBXFileReference; lastKnownFileType = sourcecode.c.h; path = PrefixHeader.pch; sourceTree = "<group>"; };
		3B56966D1C82A74700A8335D /* GGCustomCollectionViewCell.h */ = {isa = PBXFileReference; fileEncoding = 4; lastKnownFileType = sourcecode.c.h; path = GGCustomCollectionViewCell.h; sourceTree = "<group>"; };
		3B56966E1C82A74700A8335D /* GGCustomCollectionViewCell.m */ = {isa = PBXFileReference; fileEncoding = 4; lastKnownFileType = sourcecode.c.objc; path = GGCustomCollectionViewCell.m; sourceTree = "<group>"; };
		3B5696731C847F8C00A8335D /* AssetsLibrary.framework */ = {isa = PBXFileReference; lastKnownFileType = wrapper.framework; name = AssetsLibrary.framework; path = System/Library/Frameworks/AssetsLibrary.framework; sourceTree = SDKROOT; };
		3B5696751C84897800A8335D /* GGGetPhotosDataViewController.h */ = {isa = PBXFileReference; fileEncoding = 4; lastKnownFileType = sourcecode.c.h; path = GGGetPhotosDataViewController.h; sourceTree = "<group>"; };
		3B5696761C84897800A8335D /* GGGetPhotosDataViewController.m */ = {isa = PBXFileReference; fileEncoding = 4; lastKnownFileType = sourcecode.c.objc; path = GGGetPhotosDataViewController.m; sourceTree = "<group>"; };
		3B8144521AF3F0A6000D8802 /* GGCustomCollectionView.app */ = {isa = PBXFileReference; explicitFileType = wrapper.application; includeInIndex = 0; path = GGCustomCollectionView.app; sourceTree = BUILT_PRODUCTS_DIR; };
		3B8144561AF3F0A6000D8802 /* Info.plist */ = {isa = PBXFileReference; lastKnownFileType = text.plist.xml; path = Info.plist; sourceTree = "<group>"; };
		3B8144571AF3F0A6000D8802 /* main.m */ = {isa = PBXFileReference; lastKnownFileType = sourcecode.c.objc; path = main.m; sourceTree = "<group>"; };
		3B8144591AF3F0A6000D8802 /* AppDelegate.h */ = {isa = PBXFileReference; lastKnownFileType = sourcecode.c.h; path = AppDelegate.h; sourceTree = "<group>"; };
		3B81445A1AF3F0A6000D8802 /* AppDelegate.m */ = {isa = PBXFileReference; lastKnownFileType = sourcecode.c.objc; path = AppDelegate.m; sourceTree = "<group>"; };
		3B81445C1AF3F0A6000D8802 /* ViewController.h */ = {isa = PBXFileReference; lastKnownFileType = sourcecode.c.h; path = ViewController.h; sourceTree = "<group>"; };
		3B81445D1AF3F0A6000D8802 /* ViewController.m */ = {isa = PBXFileReference; lastKnownFileType = sourcecode.c.objc; path = ViewController.m; sourceTree = "<group>"; };
		3B8144601AF3F0A6000D8802 /* Base */ = {isa = PBXFileReference; lastKnownFileType = file.storyboard; name = Base; path = Base.lproj/Main.storyboard; sourceTree = "<group>"; };
		3B8144621AF3F0A6000D8802 /* Images.xcassets */ = {isa = PBXFileReference; lastKnownFileType = folder.assetcatalog; path = Images.xcassets; sourceTree = "<group>"; };
		3B8144651AF3F0A6000D8802 /* Base */ = {isa = PBXFileReference; lastKnownFileType = file.xib; name = Base; path = Base.lproj/LaunchScreen.xib; sourceTree = "<group>"; };
		3B81446B1AF3F0A6000D8802 /* GGCustomCollectionViewTests.xctest */ = {isa = PBXFileReference; explicitFileType = wrapper.cfbundle; includeInIndex = 0; path = GGCustomCollectionViewTests.xctest; sourceTree = BUILT_PRODUCTS_DIR; };
		3B8144701AF3F0A6000D8802 /* Info.plist */ = {isa = PBXFileReference; lastKnownFileType = text.plist.xml; path = Info.plist; sourceTree = "<group>"; };
		3B8144711AF3F0A6000D8802 /* GGCustomCollectionViewTests.m */ = {isa = PBXFileReference; lastKnownFileType = sourcecode.c.objc; path = GGCustomCollectionViewTests.m; sourceTree = "<group>"; };
		3B81447F1AF3F251000D8802 /* GGCustomCollectionViewController.h */ = {isa = PBXFileReference; fileEncoding = 4; lastKnownFileType = sourcecode.c.h; name = GGCustomCollectionViewController.h; path = GGCustomCollectionView/CustomClass/GGCustomCollectionViewController.h; sourceTree = "<group>"; };
		3B8144801AF3F251000D8802 /* GGCustomCollectionViewController.m */ = {isa = PBXFileReference; fileEncoding = 4; lastKnownFileType = sourcecode.c.objc; name = GGCustomCollectionViewController.m; path = GGCustomCollectionView/CustomClass/GGCustomCollectionViewController.m; sourceTree = "<group>"; };
		3D191D9ADBF65CA4D86094D3 /* libPods.a */ = {isa = PBXFileReference; explicitFileType = archive.ar; includeInIndex = 0; path = libPods.a; sourceTree = BUILT_PRODUCTS_DIR; };
		DC27A84FBD74BE2245C065AF /* Pods.debug.xcconfig */ = {isa = PBXFileReference; includeInIndex = 1; lastKnownFileType = text.xcconfig; name = Pods.debug.xcconfig; path = "Pods/Target Support Files/Pods/Pods.debug.xcconfig"; sourceTree = "<group>"; };
/* End PBXFileReference section */

/* Begin PBXFrameworksBuildPhase section */
		3B81444F1AF3F0A6000D8802 /* Frameworks */ = {
			isa = PBXFrameworksBuildPhase;
			buildActionMask = 2147483647;
			files = (
				3B5696741C847F8C00A8335D /* AssetsLibrary.framework in Frameworks */,
				4AE1FBCB02000E32CE81A6D4 /* libPods.a in Frameworks */,
			);
			runOnlyForDeploymentPostprocessing = 0;
		};
		3B8144681AF3F0A6000D8802 /* Frameworks */ = {
			isa = PBXFrameworksBuildPhase;
			buildActionMask = 2147483647;
			files = (
			);
			runOnlyForDeploymentPostprocessing = 0;
		};
/* End PBXFrameworksBuildPhase section */

/* Begin PBXGroup section */
		1B1059ACAF8C88044A1ABC99 /* Pods */ = {
			isa = PBXGroup;
			children = (
				DC27A84FBD74BE2245C065AF /* Pods.debug.xcconfig */,
				176BE8B0AB2166E95B014E79 /* Pods.release.xcconfig */,
			);
			name = Pods;
			sourceTree = "<group>";
		};
		3B5696651C829F3C00A8335D /* GlobalComfig */ = {
			isa = PBXGroup;
			children = (
				3B56966C1C82A26E00A8335D /* PrefixHeader.pch */,
			);
			name = GlobalComfig;
			sourceTree = "<group>";
		};
		3B8144491AF3F0A6000D8802 = {
			isa = PBXGroup;
			children = (
				3B5696731C847F8C00A8335D /* AssetsLibrary.framework */,
				3B5696651C829F3C00A8335D /* GlobalComfig */,
				3B81447B1AF3F12D000D8802 /* GGCustomView */,
				3B8144541AF3F0A6000D8802 /* GGCustomCollectionView */,
				3B81446E1AF3F0A6000D8802 /* GGCustomCollectionViewTests */,
				3B8144531AF3F0A6000D8802 /* Products */,
				1B1059ACAF8C88044A1ABC99 /* Pods */,
				4BD082F1A37C9781337FFEA6 /* Frameworks */,
			);
			sourceTree = "<group>";
		};
		3B8144531AF3F0A6000D8802 /* Products */ = {
			isa = PBXGroup;
			children = (
				3B8144521AF3F0A6000D8802 /* GGCustomCollectionView.app */,
				3B81446B1AF3F0A6000D8802 /* GGCustomCollectionViewTests.xctest */,
			);
			name = Products;
			sourceTree = "<group>";
		};
		3B8144541AF3F0A6000D8802 /* GGCustomCollectionView */ = {
			isa = PBXGroup;
			children = (
				3B8144591AF3F0A6000D8802 /* AppDelegate.h */,
				3B81445A1AF3F0A6000D8802 /* AppDelegate.m */,
				3B81445C1AF3F0A6000D8802 /* ViewController.h */,
				3B81445D1AF3F0A6000D8802 /* ViewController.m */,
				3B81445F1AF3F0A6000D8802 /* Main.storyboard */,
				3B8144621AF3F0A6000D8802 /* Images.xcassets */,
				3B8144641AF3F0A6000D8802 /* LaunchScreen.xib */,
				3B8144551AF3F0A6000D8802 /* Supporting Files */,
			);
			path = GGCustomCollectionView;
			sourceTree = "<group>";
		};
		3B8144551AF3F0A6000D8802 /* Supporting Files */ = {
			isa = PBXGroup;
			children = (
				3B8144561AF3F0A6000D8802 /* Info.plist */,
				3B8144571AF3F0A6000D8802 /* main.m */,
			);
			name = "Supporting Files";
			sourceTree = "<group>";
		};
		3B81446E1AF3F0A6000D8802 /* GGCustomCollectionViewTests */ = {
			isa = PBXGroup;
			children = (
				3B8144711AF3F0A6000D8802 /* GGCustomCollectionViewTests.m */,
				3B81446F1AF3F0A6000D8802 /* Supporting Files */,
			);
			path = GGCustomCollectionViewTests;
			sourceTree = "<group>";
		};
		3B81446F1AF3F0A6000D8802 /* Supporting Files */ = {
			isa = PBXGroup;
			children = (
				3B8144701AF3F0A6000D8802 /* Info.plist */,
			);
			name = "Supporting Files";
			sourceTree = "<group>";
		};
		3B81447B1AF3F12D000D8802 /* GGCustomView */ = {
			isa = PBXGroup;
			children = (
				3B81447F1AF3F251000D8802 /* GGCustomCollectionViewController.h */,
				3B8144801AF3F251000D8802 /* GGCustomCollectionViewController.m */,
				3B56966D1C82A74700A8335D /* GGCustomCollectionViewCell.h */,
				3B56966E1C82A74700A8335D /* GGCustomCollectionViewCell.m */,
				3B5696751C84897800A8335D /* GGGetPhotosDataViewController.h */,
				3B5696761C84897800A8335D /* GGGetPhotosDataViewController.m */,
			);
			name = GGCustomView;
			sourceTree = "<group>";
		};
		4BD082F1A37C9781337FFEA6 /* Frameworks */ = {
			isa = PBXGroup;
			children = (
				3D191D9ADBF65CA4D86094D3 /* libPods.a */,
			);
			name = Frameworks;
			sourceTree = "<group>";
		};
/* End PBXGroup section */

/* Begin PBXNativeTarget section */
		3B8144511AF3F0A6000D8802 /* GGCustomCollectionView */ = {
			isa = PBXNativeTarget;
			buildConfigurationList = 3B8144751AF3F0A6000D8802 /* Build configuration list for PBXNativeTarget "GGCustomCollectionView" */;
			buildPhases = (
				CAE1D58A2466B6F50A8E79DB /* Check Pods Manifest.lock */,
				3B81444E1AF3F0A6000D8802 /* Sources */,
				3B81444F1AF3F0A6000D8802 /* Frameworks */,
				3B8144501AF3F0A6000D8802 /* Resources */,
				5DBDF84B02C734B50C2F3A3F /* Embed Pods Frameworks */,
				A9ABD11E17A466B79BF54EBC /* Copy Pods Resources */,
			);
			buildRules = (
			);
			dependencies = (
			);
			name = GGCustomCollectionView;
			productName = GGCustomCollectionView;
			productReference = 3B8144521AF3F0A6000D8802 /* GGCustomCollectionView.app */;
			productType = "com.apple.product-type.application";
		};
		3B81446A1AF3F0A6000D8802 /* GGCustomCollectionViewTests */ = {
			isa = PBXNativeTarget;
			buildConfigurationList = 3B8144781AF3F0A6000D8802 /* Build configuration list for PBXNativeTarget "GGCustomCollectionViewTests" */;
			buildPhases = (
				3B8144671AF3F0A6000D8802 /* Sources */,
				3B8144681AF3F0A6000D8802 /* Frameworks */,
				3B8144691AF3F0A6000D8802 /* Resources */,
			);
			buildRules = (
			);
			dependencies = (
				3B81446D1AF3F0A6000D8802 /* PBXTargetDependency */,
			);
			name = GGCustomCollectionViewTests;
			productName = GGCustomCollectionViewTests;
			productReference = 3B81446B1AF3F0A6000D8802 /* GGCustomCollectionViewTests.xctest */;
			productType = "com.apple.product-type.bundle.unit-test";
		};
/* End PBXNativeTarget section */

/* Begin PBXProject section */
		3B81444A1AF3F0A6000D8802 /* Project object */ = {
			isa = PBXProject;
			attributes = {
				LastUpgradeCheck = 0630;
				ORGANIZATIONNAME = echgg;
				TargetAttributes = {
					3B8144511AF3F0A6000D8802 = {
						CreatedOnToolsVersion = 6.3;
						DevelopmentTeam = VU48F8Q2PC;
					};
					3B81446A1AF3F0A6000D8802 = {
						CreatedOnToolsVersion = 6.3;
						TestTargetID = 3B8144511AF3F0A6000D8802;
					};
				};
			};
			buildConfigurationList = 3B81444D1AF3F0A6000D8802 /* Build configuration list for PBXProject "GGCustomCollectionView" */;
			compatibilityVersion = "Xcode 3.2";
			developmentRegion = English;
			hasScannedForEncodings = 0;
			knownRegions = (
				en,
				Base,
			);
			mainGroup = 3B8144491AF3F0A6000D8802;
			productRefGroup = 3B8144531AF3F0A6000D8802 /* Products */;
			projectDirPath = "";
			projectRoot = "";
			targets = (
				3B8144511AF3F0A6000D8802 /* GGCustomCollectionView */,
				3B81446A1AF3F0A6000D8802 /* GGCustomCollectionViewTests */,
			);
		};
/* End PBXProject section */

/* Begin PBXResourcesBuildPhase section */
		3B8144501AF3F0A6000D8802 /* Resources */ = {
			isa = PBXResourcesBuildPhase;
			buildActionMask = 2147483647;
			files = (
				3B8144611AF3F0A6000D8802 /* Main.storyboard in Resources */,
				3B8144661AF3F0A6000D8802 /* LaunchScreen.xib in Resources */,
				3B8144631AF3F0A6000D8802 /* Images.xcassets in Resources */,
			);
			runOnlyForDeploymentPostprocessing = 0;
		};
		3B8144691AF3F0A6000D8802 /* Resources */ = {
			isa = PBXResourcesBuildPhase;
			buildActionMask = 2147483647;
			files = (
			);
			runOnlyForDeploymentPostprocessing = 0;
		};
/* End PBXResourcesBuildPhase section */

/* Begin PBXShellScriptBuildPhase section */
		5DBDF84B02C734B50C2F3A3F /* Embed Pods Frameworks */ = {
			isa = PBXShellScriptBuildPhase;
			buildActionMask = 2147483647;
			files = (
			);
			inputPaths = (
			);
			name = "Embed Pods Frameworks";
			outputPaths = (
			);
			runOnlyForDeploymentPostprocessing = 0;
			shellPath = /bin/sh;
			shellScript = "\"${SRCROOT}/Pods/Target Support Files/Pods/Pods-frameworks.sh\"\n";
			showEnvVarsInLog = 0;
		};
		A9ABD11E17A466B79BF54EBC /* Copy Pods Resources */ = {
			isa = PBXShellScriptBuildPhase;
			buildActionMask = 2147483647;
			files = (
			);
			inputPaths = (
			);
			name = "Copy Pods Resources";
			outputPaths = (
			);
			runOnlyForDeploymentPostprocessing = 0;
			shellPath = /bin/sh;
			shellScript = "\"${SRCROOT}/Pods/Target Support Files/Pods/Pods-resources.sh\"\n";
			showEnvVarsInLog = 0;
		};
		CAE1D58A2466B6F50A8E79DB /* Check Pods Manifest.lock */ = {
			isa = PBXShellScriptBuildPhase;
			buildActionMask = 2147483647;
			files = (
			);
			inputPaths = (
			);
			name = "Check Pods Manifest.lock";
			outputPaths = (
			);
			runOnlyForDeploymentPostprocessing = 0;
			shellPath = /bin/sh;
			shellScript = "diff \"${PODS_ROOT}/../Podfile.lock\" \"${PODS_ROOT}/Manifest.lock\" > /dev/null\nif [[ $? != 0 ]] ; then\n    cat << EOM\nerror: The sandbox is not in sync with the Podfile.lock. Run 'pod install' or update your CocoaPods installation.\nEOM\n    exit 1\nfi\n";
			showEnvVarsInLog = 0;
		};
/* End PBXShellScriptBuildPhase section */

/* Begin PBXSourcesBuildPhase section */
		3B81444E1AF3F0A6000D8802 /* Sources */ = {
			isa = PBXSourcesBuildPhase;
			buildActionMask = 2147483647;
			files = (
				3B5696771C84897800A8335D /* GGGetPhotosDataViewController.m in Sources */,
				3B81445E1AF3F0A6000D8802 /* ViewController.m in Sources */,
				3B8144811AF3F251000D8802 /* GGCustomCollectionViewController.m in Sources */,
				3B81445B1AF3F0A6000D8802 /* AppDelegate.m in Sources */,
				3B8144581AF3F0A6000D8802 /* main.m in Sources */,
				3B56966F1C82A74700A8335D /* GGCustomCollectionViewCell.m in Sources */,
			);
			runOnlyForDeploymentPostprocessing = 0;
		};
		3B8144671AF3F0A6000D8802 /* Sources */ = {
			isa = PBXSourcesBuildPhase;
			buildActionMask = 2147483647;
			files = (
				3B8144721AF3F0A6000D8802 /* GGCustomCollectionViewTests.m in Sources */,
			);
			runOnlyForDeploymentPostprocessing = 0;
		};
/* End PBXSourcesBuildPhase section */

/* Begin PBXTargetDependency section */
		3B81446D1AF3F0A6000D8802 /* PBXTargetDependency */ = {
			isa = PBXTargetDependency;
			target = 3B8144511AF3F0A6000D8802 /* GGCustomCollectionView */;
			targetProxy = 3B81446C1AF3F0A6000D8802 /* PBXContainerItemProxy */;
		};
/* End PBXTargetDependency section */

/* Begin PBXVariantGroup section */
		3B81445F1AF3F0A6000D8802 /* Main.storyboard */ = {
			isa = PBXVariantGroup;
			children = (
				3B8144601AF3F0A6000D8802 /* Base */,
			);
			name = Main.storyboard;
			sourceTree = "<group>";
		};
		3B8144641AF3F0A6000D8802 /* LaunchScreen.xib */ = {
			isa = PBXVariantGroup;
			children = (
				3B8144651AF3F0A6000D8802 /* Base */,
			);
			name = LaunchScreen.xib;
			sourceTree = "<group>";
		};
/* End PBXVariantGroup section */

/* Begin XCBuildConfiguration section */
		3B8144731AF3F0A6000D8802 /* Debug */ = {
			isa = XCBuildConfiguration;
			buildSettings = {
				ALWAYS_SEARCH_USER_PATHS = NO;
				CLANG_CXX_LANGUAGE_STANDARD = "gnu++0x";
				CLANG_CXX_LIBRARY = "libc++";
				CLANG_ENABLE_MODULES = YES;
				CLANG_ENABLE_OBJC_ARC = YES;
				CLANG_WARN_BOOL_CONVERSION = YES;
				CLANG_WARN_CONSTANT_CONVERSION = YES;
				CLANG_WARN_DIRECT_OBJC_ISA_USAGE = YES_ERROR;
				CLANG_WARN_EMPTY_BODY = YES;
				CLANG_WARN_ENUM_CONVERSION = YES;
				CLANG_WARN_INT_CONVERSION = YES;
				CLANG_WARN_OBJC_ROOT_CLASS = YES_ERROR;
				CLANG_WARN_UNREACHABLE_CODE = YES;
				CLANG_WARN__DUPLICATE_METHOD_MATCH = YES;
				"CODE_SIGN_IDENTITY[sdk=iphoneos*]" = "iPhone Developer";
				COPY_PHASE_STRIP = NO;
				DEBUG_INFORMATION_FORMAT = "dwarf-with-dsym";
				ENABLE_STRICT_OBJC_MSGSEND = YES;
				GCC_C_LANGUAGE_STANDARD = gnu99;
				GCC_DYNAMIC_NO_PIC = NO;
				GCC_NO_COMMON_BLOCKS = YES;
				GCC_OPTIMIZATION_LEVEL = 0;
				GCC_PREPROCESSOR_DEFINITIONS = (
					"DEBUG=1",
					"$(inherited)",
				);
				GCC_SYMBOLS_PRIVATE_EXTERN = NO;
				GCC_WARN_64_TO_32_BIT_CONVERSION = YES;
				GCC_WARN_ABOUT_RETURN_TYPE = YES_ERROR;
				GCC_WARN_UNDECLARED_SELECTOR = YES;
				GCC_WARN_UNINITIALIZED_AUTOS = YES_AGGRESSIVE;
				GCC_WARN_UNUSED_FUNCTION = YES;
				GCC_WARN_UNUSED_VARIABLE = YES;
				IPHONEOS_DEPLOYMENT_TARGET = 8.3;
				MTL_ENABLE_DEBUG_INFO = YES;
				ONLY_ACTIVE_ARCH = YES;
				SDKROOT = iphoneos;
				TARGETED_DEVICE_FAMILY = "1,2";
			};
			name = Debug;
		};
		3B8144741AF3F0A6000D8802 /* Release */ = {
			isa = XCBuildConfiguration;
			buildSettings = {
				ALWAYS_SEARCH_USER_PATHS = NO;
				CLANG_CXX_LANGUAGE_STANDARD = "gnu++0x";
				CLANG_CXX_LIBRARY = "libc++";
				CLANG_ENABLE_MODULES = YES;
				CLANG_ENABLE_OBJC_ARC = YES;
				CLANG_WARN_BOOL_CONVERSION = YES;
				CLANG_WARN_CONSTANT_CONVERSION = YES;
				CLANG_WARN_DIRECT_OBJC_ISA_USAGE = YES_ERROR;
				CLANG_WARN_EMPTY_BODY = YES;
				CLANG_WARN_ENUM_CONVERSION = YES;
				CLANG_WARN_INT_CONVERSION = YES;
				CLANG_WARN_OBJC_ROOT_CLASS = YES_ERROR;
				CLANG_WARN_UNREACHABLE_CODE = YES;
				CLANG_WARN__DUPLICATE_METHOD_MATCH = YES;
				"CODE_SIGN_IDENTITY[sdk=iphoneos*]" = "iPhone Developer";
				COPY_PHASE_STRIP = NO;
				DEBUG_INFORMATION_FORMAT = "dwarf-with-dsym";
				ENABLE_NS_ASSERTIONS = NO;
				ENABLE_STRICT_OBJC_MSGSEND = YES;
				GCC_C_LANGUAGE_STANDARD = gnu99;
				GCC_NO_COMMON_BLOCKS = YES;
				GCC_WARN_64_TO_32_BIT_CONVERSION = YES;
				GCC_WARN_ABOUT_RETURN_TYPE = YES_ERROR;
				GCC_WARN_UNDECLARED_SELECTOR = YES;
				GCC_WARN_UNINITIALIZED_AUTOS = YES_AGGRESSIVE;
				GCC_WARN_UNUSED_FUNCTION = YES;
				GCC_WARN_UNUSED_VARIABLE = YES;
				IPHONEOS_DEPLOYMENT_TARGET = 8.3;
				MTL_ENABLE_DEBUG_INFO = NO;
				SDKROOT = iphoneos;
				TARGETED_DEVICE_FAMILY = "1,2";
				VALIDATE_PRODUCT = YES;
			};
			name = Release;
		};
		3B8144761AF3F0A6000D8802 /* Debug */ = {
			isa = XCBuildConfiguration;
			baseConfigurationReference = DC27A84FBD74BE2245C065AF /* Pods.debug.xcconfig */;
			buildSettings = {
				ASSETCATALOG_COMPILER_APPICON_NAME = AppIcon;
				CODE_SIGN_IDENTITY = "iPhone Developer";
				"CODE_SIGN_IDENTITY[sdk=iphoneos*]" = "iPhone Developer";
				GCC_PRECOMPILE_PREFIX_HEADER = YES;
				GCC_PREFIX_HEADER = "$(SRCROOT)/PrefixHeader.pch";
				INFOPLIST_FILE = GGCustomCollectionView/Info.plist;
				LD_RUNPATH_SEARCH_PATHS = "$(inherited) @executable_path/Frameworks";
				PRODUCT_NAME = "$(TARGET_NAME)";
				PROVISIONING_PROFILE = "";
			};
			name = Debug;
		};
		3B8144771AF3F0A6000D8802 /* Release */ = {
			isa = XCBuildConfiguration;
			baseConfigurationReference = 176BE8B0AB2166E95B014E79 /* Pods.release.xcconfig */;
			buildSettings = {
				ASSETCATALOG_COMPILER_APPICON_NAME = AppIcon;
				CODE_SIGN_IDENTITY = "iPhone Developer";
				"CODE_SIGN_IDENTITY[sdk=iphoneos*]" = "iPhone Developer";
				GCC_PRECOMPILE_PREFIX_HEADER = YES;
				GCC_PREFIX_HEADER = "$(SRCROOT)/PrefixHeader.pch";
				INFOPLIST_FILE = GGCustomCollectionView/Info.plist;
				LD_RUNPATH_SEARCH_PATHS = "$(inherited) @executable_path/Frameworks";
				PRODUCT_NAME = "$(TARGET_NAME)";
				PROVISIONING_PROFILE = "";
			};
			name = Release;
		};
		3B8144791AF3F0A6000D8802 /* Debug */ = {
			isa = XCBuildConfiguration;
			buildSettings = {
				BUNDLE_LOADER = "$(TEST_HOST)";
				FRAMEWORK_SEARCH_PATHS = (
					"$(SDKROOT)/Developer/Library/Frameworks",
					"$(inherited)",
				);
				GCC_PREPROCESSOR_DEFINITIONS = (
					"DEBUG=1",
					"$(inherited)",
				);
				INFOPLIST_FILE = GGCustomCollectionViewTests/Info.plist;
				LD_RUNPATH_SEARCH_PATHS = "$(inherited) @executable_path/Frameworks @loader_path/Frameworks";
				PRODUCT_NAME = "$(TARGET_NAME)";
				TEST_HOST = "$(BUILT_PRODUCTS_DIR)/GGCustomCollectionView.app/GGCustomCollectionView";
			};
			name = Debug;
		};
		3B81447A1AF3F0A6000D8802 /* Release */ = {
			isa = XCBuildConfiguration;
			buildSettings = {
				BUNDLE_LOADER = "$(TEST_HOST)";
				FRAMEWORK_SEARCH_PATHS = (
					"$(SDKROOT)/Developer/Library/Frameworks",
					"$(inherited)",
				);
				INFOPLIST_FILE = GGCustomCollectionViewTests/Info.plist;
				LD_RUNPATH_SEARCH_PATHS = "$(inherited) @executable_path/Frameworks @loader_path/Frameworks";
				PRODUCT_NAME = "$(TARGET_NAME)";
				TEST_HOST = "$(BUILT_PRODUCTS_DIR)/GGCustomCollectionView.app/GGCustomCollectionView";
			};
			name = Release;
		};
/* End XCBuildConfiguration section */

/* Begin XCConfigurationList section */
		3B81444D1AF3F0A6000D8802 /* Build configuration list for PBXProject "GGCustomCollectionView" */ = {
			isa = XCConfigurationList;
			buildConfigurations = (
				3B8144731AF3F0A6000D8802 /* Debug */,
				3B8144741AF3F0A6000D8802 /* Release */,
			);
			defaultConfigurationIsVisible = 0;
			defaultConfigurationName = Release;
		};
		3B8144751AF3F0A6000D8802 /* Build configuration list for PBXNativeTarget "GGCustomCollectionView" */ = {
			isa = XCConfigurationList;
			buildConfigurations = (
				3B8144761AF3F0A6000D8802 /* Debug */,
				3B8144771AF3F0A6000D8802 /* Release */,
			);
			defaultConfigurationIsVisible = 0;
			defaultConfigurationName = Release;
		};
		3B8144781AF3F0A6000D8802 /* Build configuration list for PBXNativeTarget "GGCustomCollectionViewTests" */ = {
			isa = XCConfigurationList;
			buildConfigurations = (
				3B8144791AF3F0A6000D8802 /* Debug */,
				3B81447A1AF3F0A6000D8802 /* Release */,
			);
			defaultConfigurationIsVisible = 0;
			defaultConfigurationName = Release;
		};
/* End XCConfigurationList section */
	};
	rootObject = 3B81444A1AF3F0A6000D8802 /* Project object */;
}
